
Microsoft Visual Studio Solution File, Format Version 12.00
Project("{FAE04EC0-301F-11D3-BF4B-00C04F79EFBC}") = "SilkMemoryCheck", "SilkMemoryCheck\SilkMemoryCheck.csproj", "{3E8FD77B-1E45-4368-B9BC-E835D053E516}"
EndProject
Global
	GlobalSection(SolutionConfigurationPlatforms) = preSolution
		Debug|Any CPU = Debug|Any CPU
		Release|Any CPU = Release|Any CPU
	EndGlobalSection
	GlobalSection(ProjectConfigurationPlatforms) = postSolution
		{3E8FD77B-1E45-4368-B9BC-E835D053E516}.Debug|Any CPU.ActiveCfg = Debug|Any CPU
		{3E8FD77B-1E45-4368-B9BC-E835D053E516}.Debug|Any CPU.Build.0 = Debug|Any CPU
		{3E8FD77B-1E45-4368-B9BC-E835D053E516}.Release|Any CPU.ActiveCfg = Release|Any CPU
		{3E8FD77B-1E45-4368-B9BC-E835D053E516}.Release|Any CPU.Build.0 = Release|Any CPU
	EndGlobalSection
EndGlobal
